
Microsoft Visual Studio Solution File, Format Version 12.00
# Visual Studio 2013
VisualStudioVersion = 12.0.40629.0
MinimumVisualStudioVersion = 10.0.40219.1
Project("{FAE04EC0-301F-11D3-BF4B-00C04F79EFBC}") = "IdentityServer.Contrib.JsonWebKeyAdapter", "IdentityServer.Contrib.JsonWebKeyAdapter\IdentityServer.Contrib.JsonWebKeyAdapter.csproj", "{450460A3-A38C-43FF-8E80-5DF9B0EE7A20}"
EndProject
Project("{FAE04EC0-301F-11D3-BF4B-00C04F79EFBC}") = "IdentityServer.Contrib.JsonWebKeyAdapter.Tests", "IdentityServer.Contrib.JsonWebKeyAdapter.Tests\IdentityServer.Contrib.JsonWebKeyAdapter.Tests.csproj", "{A1D93C5D-04B8-4EF0-8880-458CB9C15E54}"
EndProject
Global
	GlobalSection(SolutionConfigurationPlatforms) = preSolution
		Debug|Any CPU = Debug|Any CPU
		Release|Any CPU = Release|Any CPU
	EndGlobalSection
	GlobalSection(ProjectConfigurationPlatforms) = postSolution
		{450460A3-A38C-43FF-8E80-5DF9B0EE7A20}.Debug|Any CPU.ActiveCfg = Debug|Any CPU
		{450460A3-A38C-43FF-8E80-5DF9B0EE7A20}.Debug|Any CPU.Build.0 = Debug|Any CPU
		{450460A3-A38C-43FF-8E80-5DF9B0EE7A20}.Release|Any CPU.ActiveCfg = Release|Any CPU
		{450460A3-A38C-43FF-8E80-5DF9B0EE7A20}.Release|Any CPU.Build.0 = Release|Any CPU
		{A1D93C5D-04B8-4EF0-8880-458CB9C15E54}.Debug|Any CPU.ActiveCfg = Debug|Any CPU
		{A1D93C5D-04B8-4EF0-8880-458CB9C15E54}.Debug|Any CPU.Build.0 = Debug|Any CPU
		{A1D93C5D-04B8-4EF0-8880-458CB9C15E54}.Release|Any CPU.ActiveCfg = Release|Any CPU
		{A1D93C5D-04B8-4EF0-8880-458CB9C15E54}.Release|Any CPU.Build.0 = Release|Any CPU
	EndGlobalSection
	GlobalSection(SolutionProperties) = preSolution
		HideSolutionNode = FALSE
	EndGlobalSection
EndGlobal
